
Microsoft Visual Studio Solution File, Format Version 12.00
# Visual Studio 15
VisualStudioVersion = 15.0.28307.102
MinimumVisualStudioVersion = 10.0.40219.1
Project("{FAE04EC0-301F-11D3-BF4B-00C04F79EFBC}") = "Vidly", "Vidly\Vidly.csproj", "{89E84A41-1B65-4389-9E54-F01923872025}"
EndProject
Global
	GlobalSection(SolutionConfigurationPlatforms) = preSolution
		Debug|Any CPU = Debug|Any CPU
		Release|Any CPU = Release|Any CPU
	EndGlobalSection
	GlobalSection(ProjectConfigurationPlatforms) = postSolution
		{89E84A41-1B65-4389-9E54-F01923872025}.Debug|Any CPU.ActiveCfg = Debug|Any CPU
		{89E84A41-1B65-4389-9E54-F01923872025}.Debug|Any CPU.Build.0 = Debug|Any CPU
		{89E84A41-1B65-4389-9E54-F01923872025}.Release|Any CPU.ActiveCfg = Release|Any CPU
		{89E84A41-1B65-4389-9E54-F01923872025}.Release|Any CPU.Build.0 = Release|Any CPU
	EndGlobalSection
	GlobalSection(SolutionProperties) = preSolution
		HideSolutionNode = FALSE
	EndGlobalSection
	GlobalSection(ExtensibilityGlobals) = postSolution
		SolutionGuid = {6DDEE14A-6F94-4AE2-A8D9-0C4C761060E2}
	EndGlobalSection
EndGlobal
